
Microsoft Visual Studio Solution File, Format Version 12.00
# Visual Studio Version 17
VisualStudioVersion = 17.14.36705.20 d17.14
MinimumVisualStudioVersion = 10.0.40219.1
Project("{FAE04EC0-301F-11D3-BF4B-00C04F79EFBC}") = "ProyectoConsola", "ProyectoConsola\ProyectoConsola.csproj", "{9851D3C0-E955-484A-9BF7-D19F56951F78}"
EndProject
Global
	GlobalSection(SolutionConfigurationPlatforms) = preSolution
		Debug|Any CPU = Debug|Any CPU
		Release|Any CPU = Release|Any CPU
	EndGlobalSection
	GlobalSection(ProjectConfigurationPlatforms) = postSolution
		{9851D3C0-E955-484A-9BF7-D19F56951F78}.Debug|Any CPU.ActiveCfg = Debug|Any CPU
		{9851D3C0-E955-484A-9BF7-D19F56951F78}.Debug|Any CPU.Build.0 = Debug|Any CPU
		{9851D3C0-E955-484A-9BF7-D19F56951F78}.Release|Any CPU.ActiveCfg = Release|Any CPU
		{9851D3C0-E955-484A-9BF7-D19F56951F78}.Release|Any CPU.Build.0 = Release|Any CPU
	EndGlobalSection
	GlobalSection(SolutionProperties) = preSolution
		HideSolutionNode = FALSE
	EndGlobalSection
	GlobalSection(ExtensibilityGlobals) = postSolution
		SolutionGuid = {936D869D-156B-4C58-9CB5-3ECE69612D73}
	EndGlobalSection
EndGlobal
